{
  "name": "glitch-hello-react",
  "version": "0.0.5",
  "lockfileVersion": 1,
  "requires": true,
  "dependencies": {
    "@babel/runtime": {
      "version": "7.20.1",
      "resolved": "https://registry.npmjs.org/@babel/runtime/-/runtime-7.20.1.tgz",
      "integrity": "sha512-mrzLkl6U9YLF8qpqI7TB82PESyEGjm/0Ly91jG575eVxMMlb8fYfOXFZIJ8XfLrJZQbm7dlKry2bJmXBUEkdFg==",
      "requires": {
        "regenerator-runtime": "^0.13.10"
      }
    },
    "@react-three/fiber": {
      "version": "8.9.1",
      "resolved": "https://registry.npmjs.org/@react-three/fiber/-/fiber-8.9.1.tgz",
      "integrity": "sha512-xRMO9RGp0DkxSFu5BmmkjCxJ4r0dEpLobtxXdZwI0h2rZZaCnkPM5zThRN8xaZNbZhzRSVICeNOFaZltr9xFyQ==",
      "requires": {
        "@babel/runtime": "^7.17.8",
        "@types/react-reconciler": "^0.26.7",
        "its-fine": "^1.0.6",
        "react-reconciler": "^0.27.0",
        "react-use-measure": "^2.1.1",
        "scheduler": "^0.21.0",
        "suspend-react": "^0.0.8",
        "zustand": "^3.7.1"
      }
    },
    "@types/prop-types": {
      "version": "15.7.5",
      "resolved": "https://registry.npmjs.org/@types/prop-types/-/prop-types-15.7.5.tgz",
      "integrity": "sha512-JCB8C6SnDoQf0cNycqd/35A7MjcnK+ZTqE7judS6o7utxUCg6imJg3QK2qzHKszlTjcj2cn+NwMB2i96ubpj7w=="
    },
    "@types/react": {
      "version": "18.0.24",
      "resolved": "https://registry.npmjs.org/@types/react/-/react-18.0.24.tgz",
      "integrity": "sha512-wRJWT6ouziGUy+9uX0aW4YOJxAY0bG6/AOk5AW5QSvZqI7dk6VBIbXvcVgIw/W5Jrl24f77df98GEKTJGOLx7Q==",
      "requires": {
        "@types/prop-types": "*",
        "@types/scheduler": "*",
        "csstype": "^3.0.2"
      }
    },
    "@types/react-reconciler": {
      "version": "0.26.7",
      "resolved": "https://registry.npmjs.org/@types/react-reconciler/-/react-reconciler-0.26.7.tgz",
      "integrity": "sha512-mBDYl8x+oyPX/VBb3E638N0B7xG+SPk/EAMcVPeexqus/5aTpTphQi0curhhshOqRrc9t6OPoJfEUkbymse/lQ==",
      "requires": {
        "@types/react": "*"
      }
    },
    "@types/scheduler": {
      "version": "0.16.2",
      "resolved": "https://registry.npmjs.org/@types/scheduler/-/scheduler-0.16.2.tgz",
      "integrity": "sha512-hppQEBDmlwhFAXKJX2KnWLYu5yMfi91yazPb2l+lbJiwW+wdo1gNeRA+3RgNSO39WYX2euey41KEwnqesU2Jew=="
    },
    "@vitejs/plugin-react": {
      "version": "1.3.2",
      "requires": {
        "@babel/core": "^7.17.10",
        "@babel/plugin-transform-react-jsx": "^7.17.3",
        "@babel/plugin-transform-react-jsx-development": "^7.16.7",
        "@babel/plugin-transform-react-jsx-self": "^7.16.7",
        "@babel/plugin-transform-react-jsx-source": "^7.16.7",
        "@rollup/pluginutils": "^4.2.1",
        "react-refresh": "^0.13.0",
        "resolve": "^1.22.0"
      }
    },
    "csstype": {
      "version": "3.1.1",
      "resolved": "https://registry.npmjs.org/csstype/-/csstype-3.1.1.tgz",
      "integrity": "sha512-DJR/VvkAvSZW9bTouZue2sSxDwdTN92uHjqeKVm+0dAqdfNykRzQ95tay8aXMBAAPpUiq4Qcug2L7neoRh2Egw=="
    },
    "debounce": {
      "version": "1.2.1",
      "resolved": "https://registry.npmjs.org/debounce/-/debounce-1.2.1.tgz",
      "integrity": "sha512-XRRe6Glud4rd/ZGQfiV1ruXSfbvfJedlV9Y6zOlP+2K04vBYiJEte6stfFkCP03aMnY5tsipamumUjL14fofug=="
    },
    "its-fine": {
      "version": "1.0.6",
      "resolved": "https://registry.npmjs.org/its-fine/-/its-fine-1.0.6.tgz",
      "integrity": "sha512-VZJZPwVT2kxe5KQv+TxCjojfLiUIut8zXDNLTxcM7gJ/xQ/bSPk5M0neZ+j3myy45KKkltY1mm1jyJgx3Fxsdg==",
      "requires": {
        "@types/react-reconciler": "^0.28.0"
      },
      "dependencies": {
        "@types/react-reconciler": {
          "version": "0.28.0",
          "resolved": "https://registry.npmjs.org/@types/react-reconciler/-/react-reconciler-0.28.0.tgz",
          "integrity": "sha512-5cjk9ottZAj7eaTsqzPUIlrVbh3hBAO2YaEL1rkjHKB3xNAId7oU8GhzvAX+gfmlfoxTwJnBjPxEHyxkEA1Ffg==",
          "requires": {
            "@types/react": "*"
          }
        }
      }
    },
    "loose-envify": {
      "version": "1.4.0",
      "requires": {
        "js-tokens": "^3.0.0 || ^4.0.0"
      }
    },
    "react": {
      "version": "18.0.0",
      "requires": {
        "loose-envify": "^1.1.0"
      }
    },
    "react-dom": {
      "version": "18.0.0",
      "requires": {
        "loose-envify": "^1.1.0",
        "scheduler": "^0.21.0"
      }
    },
    "react-reconciler": {
      "version": "0.27.0",
      "resolved": "https://registry.npmjs.org/react-reconciler/-/react-reconciler-0.27.0.tgz",
      "integrity": "sha512-HmMDKciQjYmBRGuuhIaKA1ba/7a+UsM5FzOZsMO2JYHt9Jh8reCb7j1eDC95NOyUlKM9KRyvdx0flBuDvYSBoA==",
      "requires": {
        "loose-envify": "^1.1.0",
        "scheduler": "^0.21.0"
      }
    },
    "react-spring": {
      "version": "9.4.5",
      "requires": {
        "@react-spring/core": "~9.4.5",
        "@react-spring/konva": "~9.4.5",
        "@react-spring/native": "~9.4.5",
        "@react-spring/three": "~9.4.5",
        "@react-spring/web": "~9.4.5",
        "@react-spring/zdog": "~9.4.5"
      }
    },
    "react-use-measure": {
      "version": "2.1.1",
      "resolved": "https://registry.npmjs.org/react-use-measure/-/react-use-measure-2.1.1.tgz",
      "integrity": "sha512-nocZhN26cproIiIduswYpV5y5lQpSQS1y/4KuvUCjSKmw7ZWIS/+g3aFnX3WdBkyuGUtTLif3UTqnLLhbDoQig==",
      "requires": {
        "debounce": "^1.2.1"
      }
    },
    "regenerator-runtime": {
      "version": "0.13.10",
      "resolved": "https://registry.npmjs.org/regenerator-runtime/-/regenerator-runtime-0.13.10.tgz",
      "integrity": "sha512-KepLsg4dU12hryUO7bp/axHAKvwGOCV0sGloQtpagJ12ai+ojVDqkeGSiRX1zlq+kjIMZ1t7gpze+26QqtdGqw=="
    },
    "scheduler": {
      "version": "0.21.0",
      "requires": {
        "loose-envify": "^1.1.0"
      }
    },
    "suspend-react": {
      "version": "0.0.8",
      "resolved": "https://registry.npmjs.org/suspend-react/-/suspend-react-0.0.8.tgz",
      "integrity": "sha512-ZC3r8Hu1y0dIThzsGw0RLZplnX9yXwfItcvaIzJc2VQVi8TGyGDlu92syMB5ulybfvGLHAI5Ghzlk23UBPF8xg=="
    },
    "three": {
      "version": "0.146.0",
      "resolved": "https://registry.npmjs.org/three/-/three-0.146.0.tgz",
      "integrity": "sha512-1lvNfLezN6OJ9NaFAhfX4sm5e9YCzHtaRgZ1+B4C+Hv6TibRMsuBAM5/wVKzxjpYIlMymvgsHEFrrigEfXnb2A=="
    },
    "vite": {
      "version": "2.7.13",
      "dev": true,
      "requires": {
        "esbuild": "^0.13.12",
        "fsevents": "~2.3.2",
        "postcss": "^8.4.5",
        "resolve": "^1.20.0",
        "rollup": "^2.59.0"
      }
    },
    "wouter": {
      "version": "2.7.5"
    },
    "zustand": {
      "version": "3.7.2",
      "resolved": "https://registry.npmjs.org/zustand/-/zustand-3.7.2.tgz",
      "integrity": "sha512-PIJDIZKtokhof+9+60cpockVOq05sJzHCriyvaLBmEJixseQ1a5Kdov6fWZfWOu5SK9c+FhH1jU0tntLxRJYMA=="
    }
  }
}
